// !$*UTF8*$!
{
	archiveVersion = 1;
	classes = {
	};
	objectVersion = 50;
	objects = {

/* Begin PBXBuildFile section */
		F195954821BF6CD00081431F /* AppDelegate.m in Sources */ = {isa = PBXBuildFile; fileRef = F195954721BF6CD00081431F /* AppDelegate.m */; };
		F195954B21BF6CD00081431F /* ViewController.m in Sources */ = {isa = PBXBuildFile; fileRef = F195954A21BF6CD00081431F /* ViewController.m */; };
		F195954E21BF6CD00081431F /* Main.storyboard in Resources */ = {isa = PBXBuildFile; fileRef = F195954C21BF6CD00081431F /* Main.storyboard */; };
		F195955021BF6CD10081431F /* Assets.xcassets in Resources */ = {isa = PBXBuildFile; fileRef = F195954F21BF6CD10081431F /* Assets.xcassets */; };
		F195955321BF6CD10081431F /* LaunchScreen.storyboard in Resources */ = {isa = PBXBuildFile; fileRef = F195955121BF6CD10081431F /* LaunchScreen.storyboard */; };
		F195955621BF6CD10081431F /* main.m in Sources */ = {isa = PBXBuildFile; fileRef = F195955521BF6CD10081431F /* main.m */; };
/* End PBXBuildFile section */

/* Begin PBXFileReference section */
		F195954321BF6CD00081431F /* QiPublicPods.app */ = {isa = PBXFileReference; explicitFileType = wrapper.application; includeInIndex = 0; path = QiPublicPods.app; sourceTree = BUILT_PRODUCTS_DIR; };
		F195954621BF6CD00081431F /* AppDelegate.h */ = {isa = PBXFileReference; lastKnownFileType = sourcecode.c.h; path = AppDelegate.h; sourceTree = "<group>"; };
		F195954721BF6CD00081431F /* AppDelegate.m */ = {isa = PBXFileReference; lastKnownFileType = sourcecode.c.objc; path = AppDelegate.m; sourceTree = "<group>"; };
		F195954921BF6CD00081431F /* ViewController.h */ = {isa = PBXFileReference; lastKnownFileType = sourcecode.c.h; path = ViewController.h; sourceTree = "<group>"; };
		F195954A21BF6CD00081431F /* ViewController.m */ = {isa = PBXFileReference; lastKnownFileType = sourcecode.c.objc; path = ViewController.m; sourceTree = "<group>"; };
		F195954D21BF6CD00081431F /* Base */ = {isa = PBXFileReference; lastKnownFileType = file.storyboard; name = Base; path = Base.lproj/Main.storyboard; sourceTree = "<group>"; };
		F195954F21BF6CD10081431F /* Assets.xcassets */ = {isa = PBXFileReference; lastKnownFileType = folder.assetcatalog; path = Assets.xcassets; sourceTree = "<group>"; };
		F195955221BF6CD10081431F /* Base */ = {isa = PBXFileReference; lastKnownFileType = file.storyboard; name = Base; path = Base.lproj/LaunchScreen.storyboard; sourceTree = "<group>"; };
		F195955421BF6CD10081431F /* Info.plist */ = {isa = PBXFileReference; lastKnownFileType = text.plist.xml; path = Info.plist; sourceTree = "<group>"; };
		F195955521BF6CD10081431F /* main.m */ = {isa = PBXFileReference; lastKnownFileType = sourcecode.c.objc; path = main.m; sourceTree = "<group>"; };
/* End PBXFileReference section */

/* Begin PBXFrameworksBuildPhase section */
		F195954021BF6CD00081431F /* Frameworks */ = {
			isa = PBXFrameworksBuildPhase;
			buildActionMask = 2147483647;
			files = (
			);
			runOnlyForDeploymentPostprocessing = 0;
		};
/* End PBXFrameworksBuildPhase section */

/* Begin PBXGroup section */
		F195953A21BF6CD00081431F = {
			isa = PBXGroup;
			children = (
				F195954521BF6CD00081431F /* QiPublicPods */,
				F195954421BF6CD00081431F /* Products */,
			);
			sourceTree = "<group>";
		};
		F195954421BF6CD00081431F /* Products */ = {
			isa = PBXGroup;
			children = (
				F195954321BF6CD00081431F /* QiPublicPods.app */,
			);
			name = Products;
			sourceTree = "<group>";
		};
		F195954521BF6CD00081431F /* QiPublicPods */ = {
			isa = PBXGroup;
			children = (
				F195954621BF6CD00081431F /* AppDelegate.h */,
				F195954721BF6CD00081431F /* AppDelegate.m */,
				F195954921BF6CD00081431F /* ViewController.h */,
				F195954A21BF6CD00081431F /* ViewController.m */,
				F195954C21BF6CD00081431F /* Main.storyboard */,
				F195954F21BF6CD10081431F /* Assets.xcassets */,
				F195955121BF6CD10081431F /* LaunchScreen.storyboard */,
				F195955421BF6CD10081431F /* Info.plist */,
				F195955521BF6CD10081431F /* main.m */,
			);
			path = QiPublicPods;
			sourceTree = "<group>";
		};
/* End PBXGroup section */

/* Begin PBXNativeTarget section */
		F195954221BF6CD00081431F /* QiPublicPods */ = {
			isa = PBXNativeTarget;
			buildConfigurationList = F195955921BF6CD10081431F /* Build configuration list for PBXNativeTarget "QiPublicPods" */;
			buildPhases = (
				F195953F21BF6CD00081431F /* Sources */,
				F195954021BF6CD00081431F /* Frameworks */,
				F195954121BF6CD00081431F /* Resources */,
			);
			buildRules = (
			);
			dependencies = (
			);
			name = QiPublicPods;
			productName = QiPublicPods;
			productReference = F195954321BF6CD00081431F /* QiPublicPods.app */;
			productType = "com.apple.product-type.application";
		};
/* End PBXNativeTarget section */

/* Begin PBXProject section */
		F195953B21BF6CD00081431F /* Project object */ = {
			isa = PBXProject;
			attributes = {
				LastUpgradeCheck = 1010;
				ORGANIZATIONNAME = QiShare;
				TargetAttributes = {
					F195954221BF6CD00081431F = {
						CreatedOnToolsVersion = 10.1;
					};
				};
			};
			buildConfigurationList = F195953E21BF6CD00081431F /* Build configuration list for PBXProject "QiPublicPods" */;
			compatibilityVersion = "Xcode 9.3";
			developmentRegion = en;
			hasScannedForEncodings = 0;
			knownRegions = (
				en,
				Base,
			);
			mainGroup = F195953A21BF6CD00081431F;
			productRefGroup = F195954421BF6CD00081431F /* Products */;
			projectDirPath = "";
			projectRoot = "";
			targets = (
				F195954221BF6CD00081431F /* QiPublicPods */,
			);
		};
/* End PBXProject section */

/* Begin PBXResourcesBuildPhase section */
		F195954121BF6CD00081431F /* Resources */ = {
			isa = PBXResourcesBuildPhase;
			buildActionMask = 2147483647;
			files = (
				F195955321BF6CD10081431F /* LaunchScreen.storyboard in Resources */,
				F195955021BF6CD10081431F /* Assets.xcassets in Resources */,
				F195954E21BF6CD00081431F /* Main.storyboard in Resources */,
			);
			runOnlyForDeploymentPostprocessing = 0;
		};
/* End PBXResourcesBuildPhase section */

/* Begin PBXSourcesBuildPhase section */
		F195953F21BF6CD00081431F /* Sources */ = {
			isa = PBXSourcesBuildPhase;
			buildActionMask = 2147483647;
			files = (
				F195954B21BF6CD00081431F /* ViewController.m in Sources */,
				F195955621BF6CD10081431F /* main.m in Sources */,
				F195954821BF6CD00081431F /* AppDelegate.m in Sources */,
			);
			runOnlyForDeploymentPostprocessing = 0;
		};
/* End PBXSourcesBuildPhase section */

/* Begin PBXVariantGroup section */
		F195954C21BF6CD00081431F /* Main.storyboard */ = {
			isa = PBXVariantGroup;
			children = (
				F195954D21BF6CD00081431F /* Base */,
			);
			name = Main.storyboard;
			sourceTree = "<group>";
		};
		F195955121BF6CD10081431F /* LaunchScreen.storyboard */ = {
			isa = PBXVariantGroup;
			children = (
				F195955221BF6CD10081431F /* Base */,
			);
			name = LaunchScreen.storyboard;
			sourceTree = "<group>";
		};
/* End PBXVariantGroup section */

/* Begin XCBuildConfiguration section */
		F195955721BF6CD10081431F /* Debug */ = {
			isa = XCBuildConfiguration;
			buildSettings = {
				ALWAYS_SEARCH_USER_PATHS = NO;
				CLANG_ANALYZER_NONNULL = YES;
				CLANG_ANALYZER_NUMBER_OBJECT_CONVERSION = YES_AGGRESSIVE;
				CLANG_CXX_LANGUAGE_STANDARD = "gnu++14";
				CLANG_CXX_LIBRARY = "libc++";
				CLANG_ENABLE_MODULES = YES;
				CLANG_ENABLE_OBJC_ARC = YES;
				CLANG_ENABLE_OBJC_WEAK = YES;
				CLANG_WARN_BLOCK_CAPTURE_AUTORELEASING = YES;
				CLANG_WARN_BOOL_CONVERSION = YES;
				CLANG_WARN_COMMA = YES;
				CLANG_WARN_CONSTANT_CONVERSION = YES;
				CLANG_WARN_DEPRECATED_OBJC_IMPLEMENTATIONS = YES;
				CLANG_WARN_DIRECT_OBJC_ISA_USAGE = YES_ERROR;
				CLANG_WARN_DOCUMENTATION_COMMENTS = YES;
				CLANG_WARN_EMPTY_BODY = YES;
				CLANG_WARN_ENUM_CONVERSION = YES;
				CLANG_WARN_INFINITE_RECURSION = YES;
				CLANG_WARN_INT_CONVERSION = YES;
				CLANG_WARN_NON_LITERAL_NULL_CONVERSION = YES;
				CLANG_WARN_OBJC_IMPLICIT_RETAIN_SELF = YES;
				CLANG_WARN_OBJC_LITERAL_CONVERSION = YES;
				CLANG_WARN_OBJC_ROOT_CLASS = YES_ERROR;
				CLANG_WARN_RANGE_LOOP_ANALYSIS = YES;
				CLANG_WARN_STRICT_PROTOTYPES = YES;
				CLANG_WARN_SUSPICIOUS_MOVE = YES;
				CLANG_WARN_UNGUARDED_AVAILABILITY = YES_AGGRESSIVE;
				CLANG_WARN_UNREACHABLE_CODE = YES;
				CLANG_WARN__DUPLICATE_METHOD_MATCH = YES;
				CODE_SIGN_IDENTITY = "iPhone Developer";
				COPY_PHASE_STRIP = NO;
				DEBUG_INFORMATION_FORMAT = dwarf;
				ENABLE_STRICT_OBJC_MSGSEND = YES;
				ENABLE_TESTABILITY = YES;
				GCC_C_LANGUAGE_STANDARD = gnu11;
				GCC_DYNAMIC_NO_PIC = NO;
				GCC_NO_COMMON_BLOCKS = YES;
				GCC_OPTIMIZATION_LEVEL = 0;
				GCC_PREPROCESSOR_DEFINITIONS = (
					"DEBUG=1",
					"$(inherited)",
				);
				GCC_WARN_64_TO_32_BIT_CONVERSION = YES;
				GCC_WARN_ABOUT_RETURN_TYPE = YES_ERROR;
				GCC_WARN_UNDECLARED_SELECTOR = YES;
				GCC_WARN_UNINITIALIZED_AUTOS = YES_AGGRESSIVE;
				GCC_WARN_UNUSED_FUNCTION = YES;
				GCC_WARN_UNUSED_VARIABLE = YES;
				IPHONEOS_DEPLOYMENT_TARGET = 12.1;
				MTL_ENABLE_DEBUG_INFO = INCLUDE_SOURCE;
				MTL_FAST_MATH = YES;
				ONLY_ACTIVE_ARCH = YES;
				SDKROOT = iphoneos;
			};
			name = Debug;
		};
		F195955821BF6CD10081431F /* Release */ = {
			isa = XCBuildConfiguration;
			buildSettings = {
				ALWAYS_SEARCH_USER_PATHS = NO;
				CLANG_ANALYZER_NONNULL = YES;
				CLANG_ANALYZER_NUMBER_OBJECT_CONVERSION = YES_AGGRESSIVE;
				CLANG_CXX_LANGUAGE_STANDARD = "gnu++14";
				CLANG_CXX_LIBRARY = "libc++";
				CLANG_ENABLE_MODULES = YES;
				CLANG_ENABLE_OBJC_ARC = YES;
				CLANG_ENABLE_OBJC_WEAK = YES;
				CLANG_WARN_BLOCK_CAPTURE_AUTORELEASING = YES;
				CLANG_WARN_BOOL_CONVERSION = YES;
				CLANG_WARN_COMMA = YES;
				CLANG_WARN_CONSTANT_CONVERSION = YES;
				CLANG_WARN_DEPRECATED_OBJC_IMPLEMENTATIONS = YES;
				CLANG_WARN_DIRECT_OBJC_ISA_USAGE = YES_ERROR;
				CLANG_WARN_DOCUMENTATION_COMMENTS = YES;
				CLANG_WARN_EMPTY_BODY = YES;
				CLANG_WARN_ENUM_CONVERSION = YES;
				CLANG_WARN_INFINITE_RECURSION = YES;
				CLANG_WARN_INT_CONVERSION = YES;
				CLANG_WARN_NON_LITERAL_NULL_CONVERSION = YES;
				CLANG_WARN_OBJC_IMPLICIT_RETAIN_SELF = YES;
				CLANG_WARN_OBJC_LITERAL_CONVERSION = YES;
				CLANG_WARN_OBJC_ROOT_CLASS = YES_ERROR;
				CLANG_WARN_RANGE_LOOP_ANALYSIS = YES;
				CLANG_WARN_STRICT_PROTOTYPES = YES;
				CLANG_WARN_SUSPICIOUS_MOVE = YES;
				CLANG_WARN_UNGUARDED_AVAILABILITY = YES_AGGRESSIVE;
				CLANG_WARN_UNREACHABLE_CODE = YES;
				CLANG_WARN__DUPLICATE_METHOD_MATCH = YES;
				CODE_SIGN_IDENTITY = "iPhone Developer";
				COPY_PHASE_STRIP = NO;
				DEBUG_INFORMATION_FORMAT = "dwarf-with-dsym";
				ENABLE_NS_ASSERTIONS = NO;
				ENABLE_STRICT_OBJC_MSGSEND = YES;
				GCC_C_LANGUAGE_STANDARD = gnu11;
				GCC_NO_COMMON_BLOCKS = YES;
				GCC_WARN_64_TO_32_BIT_CONVERSION = YES;
				GCC_WARN_ABOUT_RETURN_TYPE = YES_ERROR;
				GCC_WARN_UNDECLARED_SELECTOR = YES;
				GCC_WARN_UNINITIALIZED_AUTOS = YES_AGGRESSIVE;
				GCC_WARN_UNUSED_FUNCTION = YES;
				GCC_WARN_UNUSED_VARIABLE = YES;
				IPHONEOS_DEPLOYMENT_TARGET = 12.1;
				MTL_ENABLE_DEBUG_INFO = NO;
				MTL_FAST_MATH = YES;
				SDKROOT = iphoneos;
				VALIDATE_PRODUCT = YES;
			};
			name = Release;
		};
		F195955A21BF6CD10081431F /* Debug */ = {
			isa = XCBuildConfiguration;
			buildSettings = {
				ASSETCATALOG_COMPILER_APPICON_NAME = AppIcon;
				CODE_SIGN_STYLE = Automatic;
				DEVELOPMENT_TEAM = 8ZX24TX624;
				INFOPLIST_FILE = QiPublicPods/Info.plist;
				LD_RUNPATH_SEARCH_PATHS = (
					"$(inherited)",
					"@executable_path/Frameworks",
				);
				PRODUCT_BUNDLE_IDENTIFIER = com.qishare.ios.lsq.QiPublicPods;
				PRODUCT_NAME = "$(TARGET_NAME)";
				TARGETED_DEVICE_FAMILY = "1,2";
			};
			name = Debug;
		};
		F195955B21BF6CD10081431F /* Release */ = {
			isa = XCBuildConfiguration;
			buildSettings = {
				ASSETCATALOG_COMPILER_APPICON_NAME = AppIcon;
				CODE_SIGN_STYLE = Automatic;
				DEVELOPMENT_TEAM = 8ZX24TX624;
				INFOPLIST_FILE = QiPublicPods/Info.plist;
				LD_RUNPATH_SEARCH_PATHS = (
					"$(inherited)",
					"@executable_path/Frameworks",
				);
				PRODUCT_BUNDLE_IDENTIFIER = com.qishare.ios.lsq.QiPublicPods;
				PRODUCT_NAME = "$(TARGET_NAME)";
				TARGETED_DEVICE_FAMILY = "1,2";
			};
			name = Release;
		};
/* End XCBuildConfiguration section */

/* Begin XCConfigurationList section */
		F195953E21BF6CD00081431F /* Build configuration list for PBXProject "QiPublicPods" */ = {
			isa = XCConfigurationList;
			buildConfigurations = (
				F195955721BF6CD10081431F /* Debug */,
				F195955821BF6CD10081431F /* Release */,
			);
			defaultConfigurationIsVisible = 0;
			defaultConfigurationName = Release;
		};
		F195955921BF6CD10081431F /* Build configuration list for PBXNativeTarget "QiPublicPods" */ = {
			isa = XCConfigurationList;
			buildConfigurations = (
				F195955A21BF6CD10081431F /* Debug */,
				F195955B21BF6CD10081431F /* Release */,
			);
			defaultConfigurationIsVisible = 0;
			defaultConfigurationName = Release;
		};
/* End XCConfigurationList section */
	};
	rootObject = F195953B21BF6CD00081431F /* Project object */;
}
